
Microsoft Visual Studio Solution File, Format Version 12.00
# Visual Studio 15
VisualStudioVersion = 15.0.27004.2005
MinimumVisualStudioVersion = 10.0.40219.1
Project("{FAE04EC0-301F-11D3-BF4B-00C04F79EFBC}") = "Lab4Final", "ConsoleApp13\Lab4Final.csproj", "{D04889BF-C9FE-4D2C-A79E-769D26E69856}"
EndProject
Global
	GlobalSection(SolutionConfigurationPlatforms) = preSolution
		Debug|Any CPU = Debug|Any CPU
		Release|Any CPU = Release|Any CPU
	EndGlobalSection
	GlobalSection(ProjectConfigurationPlatforms) = postSolution
		{D04889BF-C9FE-4D2C-A79E-769D26E69856}.Debug|Any CPU.ActiveCfg = Debug|Any CPU
		{D04889BF-C9FE-4D2C-A79E-769D26E69856}.Debug|Any CPU.Build.0 = Debug|Any CPU
		{D04889BF-C9FE-4D2C-A79E-769D26E69856}.Release|Any CPU.ActiveCfg = Release|Any CPU
		{D04889BF-C9FE-4D2C-A79E-769D26E69856}.Release|Any CPU.Build.0 = Release|Any CPU
	EndGlobalSection
	GlobalSection(SolutionProperties) = preSolution
		HideSolutionNode = FALSE
	EndGlobalSection
	GlobalSection(ExtensibilityGlobals) = postSolution
		SolutionGuid = {2D1044ED-9478-46F0-B68A-13203BB0F4C0}
	EndGlobalSection
EndGlobal
